// !$*UTF8*$!
{
	archiveVersion = 1;
	classes = {
	};
	objectVersion = 46;
	objects = {

/* Begin PBXBuildFile section */
		2FDE89BD1A0C94C0004E5C15 /* Foundation.framework in Frameworks */ = {isa = PBXBuildFile; fileRef = 2FDE89BC1A0C94C0004E5C15 /* Foundation.framework */; };
		2FDE89BF1A0C94C0004E5C15 /* CoreGraphics.framework in Frameworks */ = {isa = PBXBuildFile; fileRef = 2FDE89BE1A0C94C0004E5C15 /* CoreGraphics.framework */; };
		2FDE89C11A0C94C0004E5C15 /* UIKit.framework in Frameworks */ = {isa = PBXBuildFile; fileRef = 2FDE89C01A0C94C0004E5C15 /* UIKit.framework */; };
		2FDE89C71A0C94C0004E5C15 /* InfoPlist.strings in Resources */ = {isa = PBXBuildFile; fileRef = 2FDE89C51A0C94C0004E5C15 /* InfoPlist.strings */; };
		2FDE89C91A0C94C0004E5C15 /* main.m in Sources */ = {isa = PBXBuildFile; fileRef = 2FDE89C81A0C94C0004E5C15 /* main.m */; };
		2FDE89CD1A0C94C0004E5C15 /* TestAppDelegate.m in Sources */ = {isa = PBXBuildFile; fileRef = 2FDE89CC1A0C94C0004E5C15 /* TestAppDelegate.m */; };
		2FDE89D01A0C94C0004E5C15 /* Main.storyboard in Resources */ = {isa = PBXBuildFile; fileRef = 2FDE89CE1A0C94C0004E5C15 /* Main.storyboard */; };
		2FDE89D31A0C94C0004E5C15 /* TestViewController.m in Sources */ = {isa = PBXBuildFile; fileRef = 2FDE89D21A0C94C0004E5C15 /* TestViewController.m */; };
		2FDE89D51A0C94C0004E5C15 /* Images.xcassets in Resources */ = {isa = PBXBuildFile; fileRef = 2FDE89D41A0C94C0004E5C15 /* Images.xcassets */; };
		2FDE89DC1A0C94C0004E5C15 /* XCTest.framework in Frameworks */ = {isa = PBXBuildFile; fileRef = 2FDE89DB1A0C94C0004E5C15 /* XCTest.framework */; };
		2FDE89DD1A0C94C0004E5C15 /* Foundation.framework in Frameworks */ = {isa = PBXBuildFile; fileRef = 2FDE89BC1A0C94C0004E5C15 /* Foundation.framework */; };
		2FDE89DE1A0C94C0004E5C15 /* UIKit.framework in Frameworks */ = {isa = PBXBuildFile; fileRef = 2FDE89C01A0C94C0004E5C15 /* UIKit.framework */; };
		2FDE89E61A0C94C0004E5C15 /* InfoPlist.strings in Resources */ = {isa = PBXBuildFile; fileRef = 2FDE89E41A0C94C0004E5C15 /* InfoPlist.strings */; };
		2FDE89E81A0C94C0004E5C15 /* Test_AppTests.m in Sources */ = {isa = PBXBuildFile; fileRef = 2FDE89E71A0C94C0004E5C15 /* Test_AppTests.m */; };
		2FDE89F41A0C9A46004E5C15 /* Second.m in Sources */ = {isa = PBXBuildFile; fileRef = 2FDE89F21A0C9A46004E5C15 /* Second.m */; };
		2FDE89F51A0C9A46004E5C15 /* Second.xib in Resources */ = {isa = PBXBuildFile; fileRef = 2FDE89F31A0C9A46004E5C15 /* Second.xib */; };
		2FDE89F81A0C9DB8004E5C15 /* NSObject+TestCategory.m in Sources */ = {isa = PBXBuildFile; fileRef = 2FDE89F71A0C9DB8004E5C15 /* NSObject+TestCategory.m */; };
/* End PBXBuildFile section */

/* Begin PBXContainerItemProxy section */
		2FDE89DF1A0C94C0004E5C15 /* PBXContainerItemProxy */ = {
			isa = PBXContainerItemProxy;
			containerPortal = 2FDE89B11A0C94C0004E5C15 /* Project object */;
			proxyType = 1;
			remoteGlobalIDString = 2FDE89B81A0C94C0004E5C15;
			remoteInfo = "Test App";
		};
/* End PBXContainerItemProxy section */

/* Begin PBXFileReference section */
		2FDE89B91A0C94C0004E5C15 /* Test App.app */ = {isa = PBXFileReference; explicitFileType = wrapper.application; includeInIndex = 0; path = "Test App.app"; sourceTree = BUILT_PRODUCTS_DIR; };
		2FDE89BC1A0C94C0004E5C15 /* Foundation.framework */ = {isa = PBXFileReference; lastKnownFileType = wrapper.framework; name = Foundation.framework; path = System/Library/Frameworks/Foundation.framework; sourceTree = SDKROOT; };
		2FDE89BE1A0C94C0004E5C15 /* CoreGraphics.framework */ = {isa = PBXFileReference; lastKnownFileType = wrapper.framework; name = CoreGraphics.framework; path = System/Library/Frameworks/CoreGraphics.framework; sourceTree = SDKROOT; };
		2FDE89C01A0C94C0004E5C15 /* UIKit.framework */ = {isa = PBXFileReference; lastKnownFileType = wrapper.framework; name = UIKit.framework; path = System/Library/Frameworks/UIKit.framework; sourceTree = SDKROOT; };
		2FDE89C41A0C94C0004E5C15 /* Test App-Info.plist */ = {isa = PBXFileReference; lastKnownFileType = text.plist.xml; path = "Test App-Info.plist"; sourceTree = "<group>"; };
		2FDE89C61A0C94C0004E5C15 /* en */ = {isa = PBXFileReference; lastKnownFileType = text.plist.strings; name = en; path = en.lproj/InfoPlist.strings; sourceTree = "<group>"; };
		2FDE89C81A0C94C0004E5C15 /* main.m */ = {isa = PBXFileReference; lastKnownFileType = sourcecode.c.objc; path = main.m; sourceTree = "<group>"; };
		2FDE89CA1A0C94C0004E5C15 /* Test App-Prefix.pch */ = {isa = PBXFileReference; lastKnownFileType = sourcecode.c.h; path = "Test App-Prefix.pch"; sourceTree = "<group>"; };
		2FDE89CB1A0C94C0004E5C15 /* TestAppDelegate.h */ = {isa = PBXFileReference; lastKnownFileType = sourcecode.c.h; path = TestAppDelegate.h; sourceTree = "<group>"; };
		2FDE89CC1A0C94C0004E5C15 /* TestAppDelegate.m */ = {isa = PBXFileReference; lastKnownFileType = sourcecode.c.objc; path = TestAppDelegate.m; sourceTree = "<group>"; };
		2FDE89CF1A0C94C0004E5C15 /* Base */ = {isa = PBXFileReference; lastKnownFileType = file.storyboard; name = Base; path = Base.lproj/Main.storyboard; sourceTree = "<group>"; };
		2FDE89D11A0C94C0004E5C15 /* TestViewController.h */ = {isa = PBXFileReference; lastKnownFileType = sourcecode.c.h; path = TestViewController.h; sourceTree = "<group>"; };
		2FDE89D21A0C94C0004E5C15 /* TestViewController.m */ = {isa = PBXFileReference; lastKnownFileType = sourcecode.c.objc; path = TestViewController.m; sourceTree = "<group>"; };
		2FDE89D41A0C94C0004E5C15 /* Images.xcassets */ = {isa = PBXFileReference; lastKnownFileType = folder.assetcatalog; path = Images.xcassets; sourceTree = "<group>"; };
		2FDE89DA1A0C94C0004E5C15 /* Test AppTests.xctest */ = {isa = PBXFileReference; explicitFileType = wrapper.cfbundle; includeInIndex = 0; path = "Test AppTests.xctest"; sourceTree = BUILT_PRODUCTS_DIR; };
		2FDE89DB1A0C94C0004E5C15 /* XCTest.framework */ = {isa = PBXFileReference; lastKnownFileType = wrapper.framework; name = XCTest.framework; path = Library/Frameworks/XCTest.framework; sourceTree = DEVELOPER_DIR; };
		2FDE89E31A0C94C0004E5C15 /* Test AppTests-Info.plist */ = {isa = PBXFileReference; lastKnownFileType = text.plist.xml; path = "Test AppTests-Info.plist"; sourceTree = "<group>"; };
		2FDE89E51A0C94C0004E5C15 /* en */ = {isa = PBXFileReference; lastKnownFileType = text.plist.strings; name = en; path = en.lproj/InfoPlist.strings; sourceTree = "<group>"; };
		2FDE89E71A0C94C0004E5C15 /* Test_AppTests.m */ = {isa = PBXFileReference; lastKnownFileType = sourcecode.c.objc; path = Test_AppTests.m; sourceTree = "<group>"; };
		2FDE89F11A0C9A46004E5C15 /* Second.h */ = {isa = PBXFileReference; fileEncoding = 4; lastKnownFileType = sourcecode.c.h; path = Second.h; sourceTree = "<group>"; };
		2FDE89F21A0C9A46004E5C15 /* Second.m */ = {isa = PBXFileReference; fileEncoding = 4; lastKnownFileType = sourcecode.c.objc; path = Second.m; sourceTree = "<group>"; };
		2FDE89F31A0C9A46004E5C15 /* Second.xib */ = {isa = PBXFileReference; fileEncoding = 4; lastKnownFileType = file.xib; path = Second.xib; sourceTree = "<group>"; };
		2FDE89F61A0C9DB8004E5C15 /* NSObject+TestCategory.h */ = {isa = PBXFileReference; fileEncoding = 4; lastKnownFileType = sourcecode.c.h; path = "NSObject+TestCategory.h"; sourceTree = "<group>"; };
		2FDE89F71A0C9DB8004E5C15 /* NSObject+TestCategory.m */ = {isa = PBXFileReference; fileEncoding = 4; lastKnownFileType = sourcecode.c.objc; path = "NSObject+TestCategory.m"; sourceTree = "<group>"; };
		2FDE89F91A0C9F57004E5C15 /* TestProtocol.h */ = {isa = PBXFileReference; lastKnownFileType = sourcecode.c.h; path = TestProtocol.h; sourceTree = "<group>"; };
/* End PBXFileReference section */

/* Begin PBXFrameworksBuildPhase section */
		2FDE89B61A0C94C0004E5C15 /* Frameworks */ = {
			isa = PBXFrameworksBuildPhase;
			buildActionMask = 2147483647;
			files = (
				2FDE89BF1A0C94C0004E5C15 /* CoreGraphics.framework in Frameworks */,
				2FDE89C11A0C94C0004E5C15 /* UIKit.framework in Frameworks */,
				2FDE89BD1A0C94C0004E5C15 /* Foundation.framework in Frameworks */,
			);
			runOnlyForDeploymentPostprocessing = 0;
		};
		2FDE89D71A0C94C0004E5C15 /* Frameworks */ = {
			isa = PBXFrameworksBuildPhase;
			buildActionMask = 2147483647;
			files = (
				2FDE89DC1A0C94C0004E5C15 /* XCTest.framework in Frameworks */,
				2FDE89DE1A0C94C0004E5C15 /* UIKit.framework in Frameworks */,
				2FDE89DD1A0C94C0004E5C15 /* Foundation.framework in Frameworks */,
			);
			runOnlyForDeploymentPostprocessing = 0;
		};
/* End PBXFrameworksBuildPhase section */

/* Begin PBXGroup section */
		2FDE89B01A0C94C0004E5C15 = {
			isa = PBXGroup;
			children = (
				2FDE89C21A0C94C0004E5C15 /* Test App */,
				2FDE89E11A0C94C0004E5C15 /* Test AppTests */,
				2FDE89BB1A0C94C0004E5C15 /* Frameworks */,
				2FDE89BA1A0C94C0004E5C15 /* Products */,
			);
			sourceTree = "<group>";
		};
		2FDE89BA1A0C94C0004E5C15 /* Products */ = {
			isa = PBXGroup;
			children = (
				2FDE89B91A0C94C0004E5C15 /* Test App.app */,
				2FDE89DA1A0C94C0004E5C15 /* Test AppTests.xctest */,
			);
			name = Products;
			sourceTree = "<group>";
		};
		2FDE89BB1A0C94C0004E5C15 /* Frameworks */ = {
			isa = PBXGroup;
			children = (
				2FDE89BC1A0C94C0004E5C15 /* Foundation.framework */,
				2FDE89BE1A0C94C0004E5C15 /* CoreGraphics.framework */,
				2FDE89C01A0C94C0004E5C15 /* UIKit.framework */,
				2FDE89DB1A0C94C0004E5C15 /* XCTest.framework */,
			);
			name = Frameworks;
			sourceTree = "<group>";
		};
		2FDE89C21A0C94C0004E5C15 /* Test App */ = {
			isa = PBXGroup;
			children = (
				2FDE89CB1A0C94C0004E5C15 /* TestAppDelegate.h */,
				2FDE89CC1A0C94C0004E5C15 /* TestAppDelegate.m */,
				2FDE89CE1A0C94C0004E5C15 /* Main.storyboard */,
				2FDE89D11A0C94C0004E5C15 /* TestViewController.h */,
				2FDE89D21A0C94C0004E5C15 /* TestViewController.m */,
				2FDE89F11A0C9A46004E5C15 /* Second.h */,
				2FDE89F21A0C9A46004E5C15 /* Second.m */,
				2FDE89F31A0C9A46004E5C15 /* Second.xib */,
				2FDE89F61A0C9DB8004E5C15 /* NSObject+TestCategory.h */,
				2FDE89F71A0C9DB8004E5C15 /* NSObject+TestCategory.m */,
				2FDE89F91A0C9F57004E5C15 /* TestProtocol.h */,
				2FDE89D41A0C94C0004E5C15 /* Images.xcassets */,
				2FDE89C31A0C94C0004E5C15 /* Supporting Files */,
			);
			path = "Test App";
			sourceTree = "<group>";
		};
		2FDE89C31A0C94C0004E5C15 /* Supporting Files */ = {
			isa = PBXGroup;
			children = (
				2FDE89C41A0C94C0004E5C15 /* Test App-Info.plist */,
				2FDE89C51A0C94C0004E5C15 /* InfoPlist.strings */,
				2FDE89C81A0C94C0004E5C15 /* main.m */,
				2FDE89CA1A0C94C0004E5C15 /* Test App-Prefix.pch */,
			);
			name = "Supporting Files";
			sourceTree = "<group>";
		};
		2FDE89E11A0C94C0004E5C15 /* Test AppTests */ = {
			isa = PBXGroup;
			children = (
				2FDE89E71A0C94C0004E5C15 /* Test_AppTests.m */,
				2FDE89E21A0C94C0004E5C15 /* Supporting Files */,
			);
			path = "Test AppTests";
			sourceTree = "<group>";
		};
		2FDE89E21A0C94C0004E5C15 /* Supporting Files */ = {
			isa = PBXGroup;
			children = (
				2FDE89E31A0C94C0004E5C15 /* Test AppTests-Info.plist */,
				2FDE89E41A0C94C0004E5C15 /* InfoPlist.strings */,
			);
			name = "Supporting Files";
			sourceTree = "<group>";
		};
/* End PBXGroup section */

/* Begin PBXNativeTarget section */
		2FDE89B81A0C94C0004E5C15 /* Test App */ = {
			isa = PBXNativeTarget;
			buildConfigurationList = 2FDE89EB1A0C94C0004E5C15 /* Build configuration list for PBXNativeTarget "Test App" */;
			buildPhases = (
				2FDE89B51A0C94C0004E5C15 /* Sources */,
				2FDE89B61A0C94C0004E5C15 /* Frameworks */,
				2FDE89B71A0C94C0004E5C15 /* Resources */,
			);
			buildRules = (
			);
			dependencies = (
			);
			name = "Test App";
			productName = "Test App";
			productReference = 2FDE89B91A0C94C0004E5C15 /* Test App.app */;
			productType = "com.apple.product-type.application";
		};
		2FDE89D91A0C94C0004E5C15 /* Test AppTests */ = {
			isa = PBXNativeTarget;
			buildConfigurationList = 2FDE89EE1A0C94C0004E5C15 /* Build configuration list for PBXNativeTarget "Test AppTests" */;
			buildPhases = (
				2FDE89D61A0C94C0004E5C15 /* Sources */,
				2FDE89D71A0C94C0004E5C15 /* Frameworks */,
				2FDE89D81A0C94C0004E5C15 /* Resources */,
			);
			buildRules = (
			);
			dependencies = (
				2FDE89E01A0C94C0004E5C15 /* PBXTargetDependency */,
			);
			name = "Test AppTests";
			productName = "Test AppTests";
			productReference = 2FDE89DA1A0C94C0004E5C15 /* Test AppTests.xctest */;
			productType = "com.apple.product-type.bundle.unit-test";
		};
/* End PBXNativeTarget section */

/* Begin PBXProject section */
		2FDE89B11A0C94C0004E5C15 /* Project object */ = {
			isa = PBXProject;
			attributes = {
				CLASSPREFIX = Test;
				LastUpgradeCheck = 0510;
				ORGANIZATIONNAME = "Mubashir Meddekar";
				TargetAttributes = {
					2FDE89D91A0C94C0004E5C15 = {
						TestTargetID = 2FDE89B81A0C94C0004E5C15;
					};
				};
			};
			buildConfigurationList = 2FDE89B41A0C94C0004E5C15 /* Build configuration list for PBXProject "Test App" */;
			compatibilityVersion = "Xcode 3.2";
			developmentRegion = English;
			hasScannedForEncodings = 0;
			knownRegions = (
				en,
				Base,
			);
			mainGroup = 2FDE89B01A0C94C0004E5C15;
			productRefGroup = 2FDE89BA1A0C94C0004E5C15 /* Products */;
			projectDirPath = "";
			projectRoot = "";
			targets = (
				2FDE89B81A0C94C0004E5C15 /* Test App */,
				2FDE89D91A0C94C0004E5C15 /* Test AppTests */,
			);
		};
/* End PBXProject section */

/* Begin PBXResourcesBuildPhase section */
		2FDE89B71A0C94C0004E5C15 /* Resources */ = {
			isa = PBXResourcesBuildPhase;
			buildActionMask = 2147483647;
			files = (
				2FDE89D51A0C94C0004E5C15 /* Images.xcassets in Resources */,
				2FDE89C71A0C94C0004E5C15 /* InfoPlist.strings in Resources */,
				2FDE89D01A0C94C0004E5C15 /* Main.storyboard in Resources */,
				2FDE89F51A0C9A46004E5C15 /* Second.xib in Resources */,
			);
			runOnlyForDeploymentPostprocessing = 0;
		};
		2FDE89D81A0C94C0004E5C15 /* Resources */ = {
			isa = PBXResourcesBuildPhase;
			buildActionMask = 2147483647;
			files = (
				2FDE89E61A0C94C0004E5C15 /* InfoPlist.strings in Resources */,
			);
			runOnlyForDeploymentPostprocessing = 0;
		};
/* End PBXResourcesBuildPhase section */

/* Begin PBXSourcesBuildPhase section */
		2FDE89B51A0C94C0004E5C15 /* Sources */ = {
			isa = PBXSourcesBuildPhase;
			buildActionMask = 2147483647;
			files = (
				2FDE89F81A0C9DB8004E5C15 /* NSObject+TestCategory.m in Sources */,
				2FDE89D31A0C94C0004E5C15 /* TestViewController.m in Sources */,
				2FDE89CD1A0C94C0004E5C15 /* TestAppDelegate.m in Sources */,
				2FDE89C91A0C94C0004E5C15 /* main.m in Sources */,
				2FDE89F41A0C9A46004E5C15 /* Second.m in Sources */,
			);
			runOnlyForDeploymentPostprocessing = 0;
		};
		2FDE89D61A0C94C0004E5C15 /* Sources */ = {
			isa = PBXSourcesBuildPhase;
			buildActionMask = 2147483647;
			files = (
				2FDE89E81A0C94C0004E5C15 /* Test_AppTests.m in Sources */,
			);
			runOnlyForDeploymentPostprocessing = 0;
		};
/* End PBXSourcesBuildPhase section */

/* Begin PBXTargetDependency section */
		2FDE89E01A0C94C0004E5C15 /* PBXTargetDependency */ = {
			isa = PBXTargetDependency;
			target = 2FDE89B81A0C94C0004E5C15 /* Test App */;
			targetProxy = 2FDE89DF1A0C94C0004E5C15 /* PBXContainerItemProxy */;
		};
/* End PBXTargetDependency section */

/* Begin PBXVariantGroup section */
		2FDE89C51A0C94C0004E5C15 /* InfoPlist.strings */ = {
			isa = PBXVariantGroup;
			children = (
				2FDE89C61A0C94C0004E5C15 /* en */,
			);
			name = InfoPlist.strings;
			sourceTree = "<group>";
		};
		2FDE89CE1A0C94C0004E5C15 /* Main.storyboard */ = {
			isa = PBXVariantGroup;
			children = (
				2FDE89CF1A0C94C0004E5C15 /* Base */,
			);
			name = Main.storyboard;
			sourceTree = "<group>";
		};
		2FDE89E41A0C94C0004E5C15 /* InfoPlist.strings */ = {
			isa = PBXVariantGroup;
			children = (
				2FDE89E51A0C94C0004E5C15 /* en */,
			);
			name = InfoPlist.strings;
			sourceTree = "<group>";
		};
/* End PBXVariantGroup section */

/* Begin XCBuildConfiguration section */
		2FDE89E91A0C94C0004E5C15 /* Debug */ = {
			isa = XCBuildConfiguration;
			buildSettings = {
				ALWAYS_SEARCH_USER_PATHS = NO;
				CLANG_CXX_LANGUAGE_STANDARD = "gnu++0x";
				CLANG_CXX_LIBRARY = "libc++";
				CLANG_ENABLE_MODULES = YES;
				CLANG_ENABLE_OBJC_ARC = YES;
				CLANG_WARN_BOOL_CONVERSION = YES;
				CLANG_WARN_CONSTANT_CONVERSION = YES;
				CLANG_WARN_DIRECT_OBJC_ISA_USAGE = YES_ERROR;
				CLANG_WARN_EMPTY_BODY = YES;
				CLANG_WARN_ENUM_CONVERSION = YES;
				CLANG_WARN_INT_CONVERSION = YES;
				CLANG_WARN_OBJC_ROOT_CLASS = YES_ERROR;
				CLANG_WARN__DUPLICATE_METHOD_MATCH = YES;
				"CODE_SIGN_IDENTITY[sdk=iphoneos*]" = "iPhone Developer";
				COPY_PHASE_STRIP = NO;
				GCC_C_LANGUAGE_STANDARD = gnu99;
				GCC_DYNAMIC_NO_PIC = NO;
				GCC_OPTIMIZATION_LEVEL = 0;
				GCC_PREPROCESSOR_DEFINITIONS = (
					"DEBUG=1",
					"$(inherited)",
				);
				GCC_SYMBOLS_PRIVATE_EXTERN = NO;
				GCC_WARN_64_TO_32_BIT_CONVERSION = YES;
				GCC_WARN_ABOUT_RETURN_TYPE = YES_ERROR;
				GCC_WARN_UNDECLARED_SELECTOR = YES;
				GCC_WARN_UNINITIALIZED_AUTOS = YES_AGGRESSIVE;
				GCC_WARN_UNUSED_FUNCTION = YES;
				GCC_WARN_UNUSED_VARIABLE = YES;
				IPHONEOS_DEPLOYMENT_TARGET = 7.1;
				ONLY_ACTIVE_ARCH = YES;
				SDKROOT = iphoneos;
			};
			name = Debug;
		};
		2FDE89EA1A0C94C0004E5C15 /* Release */ = {
			isa = XCBuildConfiguration;
			buildSettings = {
				ALWAYS_SEARCH_USER_PATHS = NO;
				CLANG_CXX_LANGUAGE_STANDARD = "gnu++0x";
				CLANG_CXX_LIBRARY = "libc++";
				CLANG_ENABLE_MODULES = YES;
				CLANG_ENABLE_OBJC_ARC = YES;
				CLANG_WARN_BOOL_CONVERSION = YES;
				CLANG_WARN_CONSTANT_CONVERSION = YES;
				CLANG_WARN_DIRECT_OBJC_ISA_USAGE = YES_ERROR;
				CLANG_WARN_EMPTY_BODY = YES;
				CLANG_WARN_ENUM_CONVERSION = YES;
				CLANG_WARN_INT_CONVERSION = YES;
				CLANG_WARN_OBJC_ROOT_CLASS = YES_ERROR;
				CLANG_WARN__DUPLICATE_METHOD_MATCH = YES;
				"CODE_SIGN_IDENTITY[sdk=iphoneos*]" = "iPhone Developer";
				COPY_PHASE_STRIP = YES;
				ENABLE_NS_ASSERTIONS = NO;
				GCC_C_LANGUAGE_STANDARD = gnu99;
				GCC_WARN_64_TO_32_BIT_CONVERSION = YES;
				GCC_WARN_ABOUT_RETURN_TYPE = YES_ERROR;
				GCC_WARN_UNDECLARED_SELECTOR = YES;
				GCC_WARN_UNINITIALIZED_AUTOS = YES_AGGRESSIVE;
				GCC_WARN_UNUSED_FUNCTION = YES;
				GCC_WARN_UNUSED_VARIABLE = YES;
				IPHONEOS_DEPLOYMENT_TARGET = 7.1;
				SDKROOT = iphoneos;
				VALIDATE_PRODUCT = YES;
			};
			name = Release;
		};
		2FDE89EC1A0C94C0004E5C15 /* Debug */ = {
			isa = XCBuildConfiguration;
			buildSettings = {
				ASSETCATALOG_COMPILER_APPICON_NAME = AppIcon;
				ASSETCATALOG_COMPILER_LAUNCHIMAGE_NAME = LaunchImage;
				GCC_PRECOMPILE_PREFIX_HEADER = YES;
				GCC_PREFIX_HEADER = "Test App/Test App-Prefix.pch";
				INFOPLIST_FILE = "Test App/Test App-Info.plist";
				PRODUCT_NAME = "$(TARGET_NAME)";
				WRAPPER_EXTENSION = app;
			};
			name = Debug;
		};
		2FDE89ED1A0C94C0004E5C15 /* Release */ = {
			isa = XCBuildConfiguration;
			buildSettings = {
				ASSETCATALOG_COMPILER_APPICON_NAME = AppIcon;
				ASSETCATALOG_COMPILER_LAUNCHIMAGE_NAME = LaunchImage;
				GCC_PRECOMPILE_PREFIX_HEADER = YES;
				GCC_PREFIX_HEADER = "Test App/Test App-Prefix.pch";
				INFOPLIST_FILE = "Test App/Test App-Info.plist";
				PRODUCT_NAME = "$(TARGET_NAME)";
				WRAPPER_EXTENSION = app;
			};
			name = Release;
		};
		2FDE89EF1A0C94C0004E5C15 /* Debug */ = {
			isa = XCBuildConfiguration;
			buildSettings = {
				BUNDLE_LOADER = "$(BUILT_PRODUCTS_DIR)/Test App.app/Test App";
				FRAMEWORK_SEARCH_PATHS = (
					"$(SDKROOT)/Developer/Library/Frameworks",
					"$(inherited)",
					"$(DEVELOPER_FRAMEWORKS_DIR)",
				);
				GCC_PRECOMPILE_PREFIX_HEADER = YES;
				GCC_PREFIX_HEADER = "Test App/Test App-Prefix.pch";
				GCC_PREPROCESSOR_DEFINITIONS = (
					"DEBUG=1",
					"$(inherited)",
				);
				INFOPLIST_FILE = "Test AppTests/Test AppTests-Info.plist";
				PRODUCT_NAME = "$(TARGET_NAME)";
				TEST_HOST = "$(BUNDLE_LOADER)";
				WRAPPER_EXTENSION = xctest;
			};
			name = Debug;
		};
		2FDE89F01A0C94C0004E5C15 /* Release */ = {
			isa = XCBuildConfiguration;
			buildSettings = {
				BUNDLE_LOADER = "$(BUILT_PRODUCTS_DIR)/Test App.app/Test App";
				FRAMEWORK_SEARCH_PATHS = (
					"$(SDKROOT)/Developer/Library/Frameworks",
					"$(inherited)",
					"$(DEVELOPER_FRAMEWORKS_DIR)",
				);
				GCC_PRECOMPILE_PREFIX_HEADER = YES;
				GCC_PREFIX_HEADER = "Test App/Test App-Prefix.pch";
				INFOPLIST_FILE = "Test AppTests/Test AppTests-Info.plist";
				PRODUCT_NAME = "$(TARGET_NAME)";
				TEST_HOST = "$(BUNDLE_LOADER)";
				WRAPPER_EXTENSION = xctest;
			};
			name = Release;
		};
/* End XCBuildConfiguration section */

/* Begin XCConfigurationList section */
		2FDE89B41A0C94C0004E5C15 /* Build configuration list for PBXProject "Test App" */ = {
			isa = XCConfigurationList;
			buildConfigurations = (
				2FDE89E91A0C94C0004E5C15 /* Debug */,
				2FDE89EA1A0C94C0004E5C15 /* Release */,
			);
			defaultConfigurationIsVisible = 0;
			defaultConfigurationName = Release;
		};
		2FDE89EB1A0C94C0004E5C15 /* Build configuration list for PBXNativeTarget "Test App" */ = {
			isa = XCConfigurationList;
			buildConfigurations = (
				2FDE89EC1A0C94C0004E5C15 /* Debug */,
				2FDE89ED1A0C94C0004E5C15 /* Release */,
			);
			defaultConfigurationIsVisible = 0;
		};
		2FDE89EE1A0C94C0004E5C15 /* Build configuration list for PBXNativeTarget "Test AppTests" */ = {
			isa = XCConfigurationList;
			buildConfigurations = (
				2FDE89EF1A0C94C0004E5C15 /* Debug */,
				2FDE89F01A0C94C0004E5C15 /* Release */,
			);
			defaultConfigurationIsVisible = 0;
		};
/* End XCConfigurationList section */
	};
	rootObject = 2FDE89B11A0C94C0004E5C15 /* Project object */;
}
